lockfileVersion: 5.3

specifiers:
  '@rsbuild/core': ^0.7.3
  '@rsbuild/plugin-react': ^0.7.3
  '@types/prismjs': ^1.26.4
  '@types/react': ^18.3.3
  '@types/react-dom': ^18.3.0
  prismjs: ^1.29.0
  react: ^18.3.1
  react-dom: ^18.3.1
  typescript: ^5.4.2

dependencies:
  '@types/prismjs': 1.26.4
  prismjs: 1.29.0
  react: 18.3.1
  react-dom: 18.3.1_react@18.3.1

devDependencies:
  '@rsbuild/core': 0.7.10
  '@rsbuild/plugin-react': 0.7.10_@rsbuild+core@0.7.10
  '@types/react': 18.3.11
  '@types/react-dom': 18.3.1
  typescript: 5.6.3

packages:

  /@module-federation/runtime-tools/0.1.6:
    resolution: {integrity: sha512-7ILVnzMIa0Dlc0Blck5tVZG1tnk1MmLnuZpLOMpbdW+zl+N6wdMjjHMjEZFCUAJh2E5XJ3BREwfX8Ets0nIkLg==}
    dependencies:
      '@module-federation/runtime': 0.1.6
      '@module-federation/webpack-bundler-runtime': 0.1.6
    dev: true

  /@module-federation/runtime/0.1.6:
    resolution: {integrity: sha512-nj6a+yJ+QxmcE89qmrTl4lphBIoAds0PFPVGnqLRWflwAP88jrCcrrTqRhARegkFDL+wE9AE04+h6jzlbIfMKg==}
    dependencies:
      '@module-federation/sdk': 0.1.6
    dev: true

  /@module-federation/sdk/0.1.6:
    resolution: {integrity: sha512-qifXpyYLM7abUeEOIfv0oTkguZgRZuwh89YOAYIZJlkP6QbRG7DJMQvtM8X2yHXm9PTk0IYNnOJH0vNQCo6auQ==}
    dev: true

  /@module-federation/webpack-bundler-runtime/0.1.6:
    resolution: {integrity: sha512-K5WhKZ4RVNaMEtfHsd/9CNCgGKB0ipbm/tgweNNeC11mEuBTNxJ09Y630vg3WPkKv9vfMCuXg2p2Dk+Q/KWTSA==}
    dependencies:
      '@module-federation/runtime': 0.1.6
      '@module-federation/sdk': 0.1.6
    dev: true

  /@rsbuild/core/0.7.10:
    resolution: {integrity: sha512-m+JbPpuMFuVsMRcsjMxvVk6yc//OW+h72kV2DAD4neoiM0YhkEAN4TXBz3RSOomXHODhhxqhpCqz9nIw6PtvBA==}
    engines: {node: '>=16.0.0'}
    hasBin: true
    dependencies:
      '@rsbuild/shared': 0.7.10_@swc+helpers@0.5.3
      '@rspack/core': 0.7.5_@swc+helpers@0.5.3
      '@swc/helpers': 0.5.3
      core-js: 3.36.1
      html-webpack-plugin: /html-rspack-plugin/5.7.2_@rspack+core@0.7.5
      postcss: 8.4.47
    dev: true

  /@rsbuild/plugin-react/0.7.10_@rsbuild+core@0.7.10:
    resolution: {integrity: sha512-OyfTrNVRt7Rj5e4PR4VQHnKKpw7YkcG7xvprJbDU/LDtG0aucwCARO1h+YtuZhcUpoG9k4zWLmoRkEXLVnKbdQ==}
    peerDependencies:
      '@rsbuild/core': ^0.7.10
    dependencies:
      '@rsbuild/core': 0.7.10
      '@rsbuild/shared': 0.7.10
      '@rspack/plugin-react-refresh': 0.7.5_react-refresh@0.14.2
      react-refresh: 0.14.2
    transitivePeerDependencies:
      - '@swc/helpers'
    dev: true

  /@rsbuild/shared/0.7.10:
    resolution: {integrity: sha512-FwTm11DP7KxQKT2mWLvwe80O5KpikgMSlqnw9CQhBaIHSYEypdJU9ZotbNsXsHdML3xcqg+S9ae3bpovC7KlwQ==}
    dependencies:
      '@rspack/core': 0.7.5
      caniuse-lite: 1.0.30001669
      html-webpack-plugin: /html-rspack-plugin/5.7.2_@rspack+core@0.7.5
      postcss: 8.4.47
    optionalDependencies:
      fsevents: 2.3.3
    transitivePeerDependencies:
      - '@swc/helpers'
    dev: true

  /@rsbuild/shared/0.7.10_@swc+helpers@0.5.3:
    resolution: {integrity: sha512-FwTm11DP7KxQKT2mWLvwe80O5KpikgMSlqnw9CQhBaIHSYEypdJU9ZotbNsXsHdML3xcqg+S9ae3bpovC7KlwQ==}
    dependencies:
      '@rspack/core': 0.7.5_@swc+helpers@0.5.3
      caniuse-lite: 1.0.30001669
      html-webpack-plugin: /html-rspack-plugin/5.7.2_@rspack+core@0.7.5
      postcss: 8.4.47
    optionalDependencies:
      fsevents: 2.3.3
    transitivePeerDependencies:
      - '@swc/helpers'
    dev: true

  /@rspack/binding-darwin-arm64/0.7.5:
    resolution: {integrity: sha512-mNBIm36s1BA7v4SL/r4f3IXIsjyH5CZX4eXMRPE52lBc3ClVuUB7d/8zk8dkyjJCMAj8PsZSnAJ3cfXnn7TN4g==}
    cpu: [arm64]
    os: [darwin]
    requiresBuild: true
    dev: true
    optional: true

  /@rspack/binding-darwin-x64/0.7.5:
    resolution: {integrity: sha512-teLK0TB1x0CsvaaiCopsFx4EvJe+/Hljwii6R7C9qOZs5zSOfbT/LQ202eA0sAGodCncARCGaXVrsekbrRYqeA==}
    cpu: [x64]
    os: [darwin]
    requiresBuild: true
    dev: true
    optional: true

  /@rspack/binding-linux-arm64-gnu/0.7.5:
    resolution: {integrity: sha512-/24UytJXrK+7CsucDb30GCKYIJ8nG6ceqbJyOtsJv9zeArNLHkxrYGSyjHJIpQfwVN17BPP4RNOi+yIZ3ZgDyA==}
    cpu: [arm64]
    os: [linux]
    requiresBuild: true
    dev: true
    optional: true

  /@rspack/binding-linux-arm64-musl/0.7.5:
    resolution: {integrity: sha512-6RcxG42mLM01Pa6UYycACu/Nu9qusghAPUJumb8b8x5TRIDEtklYC5Ck6Rmagm+8E0ucMude2E/D4rMdIFcS3A==}
    cpu: [arm64]
    os: [linux]
    requiresBuild: true
    dev: true
    optional: true

  /@rspack/binding-linux-x64-gnu/0.7.5:
    resolution: {integrity: sha512-R0Lu4CJN2nWMW7WzPBuCIju80cQPpcaqwKJDj/quwQySpJJZ6c5qGwB8mntqjxIzZDrNH6u0OkpiUTbvWZj8ww==}
    cpu: [x64]
    os: [linux]
    requiresBuild: true
    dev: true
    optional: true

  /@rspack/binding-linux-x64-musl/0.7.5:
    resolution: {integrity: sha512-dDgi/ThikMy1m4llxPeEXDCA2I8F8ezFS/eCPLZGU2/J1b4ALwDjuRsMmo+VXSlFCKgIt98V6h1woeg7nu96yg==}
    cpu: [x64]
    os: [linux]
    requiresBuild: true
    dev: true
    optional: true

  /@rspack/binding-win32-arm64-msvc/0.7.5:
    resolution: {integrity: sha512-nEF4cUdLfgEK6FrgJSJhUlr2/7LY1tmqBNQCFsCjtDtUkQbJIEo1b8edT94G9tJcQoFE4cD+Re30yBYbQO2Thg==}
    cpu: [arm64]
    os: [win32]
    requiresBuild: true
    dev: true
    optional: true

  /@rspack/binding-win32-ia32-msvc/0.7.5:
    resolution: {integrity: sha512-hEcHRwJIzpZsePr+5x6V/7TGhrPXhSZYG4sIhsrem1za9W+qqCYYLZ7KzzbRODU07QaAH2RxjcA1bf8F2QDYAQ==}
    cpu: [ia32]
    os: [win32]
    requiresBuild: true
    dev: true
    optional: true

  /@rspack/binding-win32-x64-msvc/0.7.5:
    resolution: {integrity: sha512-PpVpP6J5/2b4T10hzSUwjLvmdpAOj3ozARl1Nrf/lsbYwhiXivoB8Gvoy/xe/Xpgr732Dk9VCeeW8rreWOOUVQ==}
    cpu: [x64]
    os: [win32]
    requiresBuild: true
    dev: true
    optional: true

  /@rspack/binding/0.7.5:
    resolution: {integrity: sha512-XcdOvaCz1mWWwr5vmEY9zncdInrjINEh60EWkYdqtCA67v7X7rB1fe6n4BeAI1+YLS2Eacj+lytlr+n7I+DYVg==}
    optionalDependencies:
      '@rspack/binding-darwin-arm64': 0.7.5
      '@rspack/binding-darwin-x64': 0.7.5
      '@rspack/binding-linux-arm64-gnu': 0.7.5
      '@rspack/binding-linux-arm64-musl': 0.7.5
      '@rspack/binding-linux-x64-gnu': 0.7.5
      '@rspack/binding-linux-x64-musl': 0.7.5
      '@rspack/binding-win32-arm64-msvc': 0.7.5
      '@rspack/binding-win32-ia32-msvc': 0.7.5
      '@rspack/binding-win32-x64-msvc': 0.7.5
    dev: true

  /@rspack/core/0.7.5:
    resolution: {integrity: sha512-zVTe4WCyc3qsLPattosiDYZFeOzaJ32/BYukPP2I1VJtCVFa+PxGVRPVZhSoN6fXw5oy48yHg9W9v1T8CaEFhw==}
    engines: {node: '>=16.0.0'}
    peerDependencies:
      '@swc/helpers': '>=0.5.1'
    peerDependenciesMeta:
      '@swc/helpers':
        optional: true
    dependencies:
      '@module-federation/runtime-tools': 0.1.6
      '@rspack/binding': 0.7.5
      caniuse-lite: 1.0.30001669
      tapable: 2.2.1
      webpack-sources: 3.2.3
    dev: true

  /@rspack/core/0.7.5_@swc+helpers@0.5.3:
    resolution: {integrity: sha512-zVTe4WCyc3qsLPattosiDYZFeOzaJ32/BYukPP2I1VJtCVFa+PxGVRPVZhSoN6fXw5oy48yHg9W9v1T8CaEFhw==}
    engines: {node: '>=16.0.0'}
    peerDependencies:
      '@swc/helpers': '>=0.5.1'
    peerDependenciesMeta:
      '@swc/helpers':
        optional: true
    dependencies:
      '@module-federation/runtime-tools': 0.1.6
      '@rspack/binding': 0.7.5
      '@swc/helpers': 0.5.3
      caniuse-lite: 1.0.30001669
      tapable: 2.2.1
      webpack-sources: 3.2.3
    dev: true

  /@rspack/plugin-react-refresh/0.7.5_react-refresh@0.14.2:
    resolution: {integrity: sha512-ROI9lrmfIH+Z9lbBaP3YMhbD2R3rlm9SSzi/9WzzkQU6KK911S1D+sL2ByeJ7ipZafbHvMPWTmC2aQEvjhwQig==}
    peerDependencies:
      react-refresh: '>=0.10.0 <1.0.0'
    peerDependenciesMeta:
      react-refresh:
        optional: true
    dependencies:
      react-refresh: 0.14.2
    dev: true

  /@swc/helpers/0.5.3:
    resolution: {integrity: sha512-FaruWX6KdudYloq1AHD/4nU+UsMTdNE8CKyrseXWEcgjDAbvkwJg2QGPAnfIJLIWsjZOSPLOAykK6fuYp4vp4A==}
    dependencies:
      tslib: 2.8.0
    dev: true

  /@types/prismjs/1.26.4:
    resolution: {integrity: sha512-rlAnzkW2sZOjbqZ743IHUhFcvzaGbqijwOu8QZnZCjfQzBqFE3s4lOTJEsxikImav9uzz/42I+O7YUs1mWgMlg==}
    dev: false

  /@types/prop-types/15.7.13:
    resolution: {integrity: sha512-hCZTSvwbzWGvhqxp/RqVqwU999pBf2vp7hzIjiYOsl8wqOmUxkQ6ddw1cV3l8811+kdUFus/q4d1Y3E3SyEifA==}
    dev: true

  /@types/react-dom/18.3.1:
    resolution: {integrity: sha512-qW1Mfv8taImTthu4KoXgDfLuk4bydU6Q/TkADnDWWHwi4NX4BR+LWfTp2sVmTqRrsHvyDDTelgelxJ+SsejKKQ==}
    dependencies:
      '@types/react': 18.3.11
    dev: true

  /@types/react/18.3.11:
    resolution: {integrity: sha512-r6QZ069rFTjrEYgFdOck1gK7FLVsgJE7tTz0pQBczlBNUhBNk0MQH4UbnFSwjpQLMkLzgqvBBa+qGpLje16eTQ==}
    dependencies:
      '@types/prop-types': 15.7.13
      csstype: 3.1.3
    dev: true

  /caniuse-lite/1.0.30001669:
    resolution: {integrity: sha512-DlWzFDJqstqtIVx1zeSpIMLjunf5SmwOw0N2Ck/QSQdS8PLS4+9HrLaYei4w8BIAL7IB/UEDu889d8vhCTPA0w==}
    dev: true

  /core-js/3.36.1:
    resolution: {integrity: sha512-BTvUrwxVBezj5SZ3f10ImnX2oRByMxql3EimVqMysepbC9EeMUOpLwdy6Eoili2x6E4kf+ZUB5k/+Jv55alPfA==}
    requiresBuild: true
    dev: true

  /csstype/3.1.3:
    resolution: {integrity: sha512-M1uQkMl8rQK/szD0LNhtqxIPLpimGm8sOBwU7lLnCpSbTyY3yeU1Vc7l4KT5zT4s/yOxHH5O7tIuuLOCnLADRw==}
    dev: true

  /fsevents/2.3.3:
    resolution: {integrity: sha512-5xoDfX+fL7faATnagmWPpbFtwh/R77WmMMqqHGS65C3vvB0YHrgF+B1YmZ3441tMj5n63k0212XNoJwzlhffQw==}
    engines: {node: ^8.16.0 || ^10.6.0 || >=11.0.0}
    os: [darwin]
    requiresBuild: true
    dev: true
    optional: true

  /html-rspack-plugin/5.7.2_@rspack+core@0.7.5:
    resolution: {integrity: sha512-uVXGYq19bcsX7Q/53VqXQjCKXw0eUMHlFGDLTaqzgj/ckverfhZQvXyA6ecFBaF9XUH16jfCTCyALYi0lJcagg==}
    engines: {node: '>=10.13.0'}
    peerDependencies:
      '@rspack/core': 0.x || 1.x
    peerDependenciesMeta:
      '@rspack/core':
        optional: true
    dependencies:
      '@rspack/core': 0.7.5_@swc+helpers@0.5.3
    dev: true

  /js-tokens/4.0.0:
    resolution: {integrity: sha512-RdJUflcE3cUzKiMqQgsCu06FPu9UdIJO0beYbPhHN4k6apgJtifcoCtT9bcxOpYBtpD2kCM6Sbzg4CausW/PKQ==}
    dev: false

  /loose-envify/1.4.0:
    resolution: {integrity: sha512-lyuxPGr/Wfhrlem2CL/UcnUc1zcqKAImBDzukY7Y5F/yQiNdko6+fRLevlw1HgMySw7f611UIY408EtxRSoK3Q==}
    hasBin: true
    dependencies:
      js-tokens: 4.0.0
    dev: false

  /nanoid/3.3.7:
    resolution: {integrity: sha512-eSRppjcPIatRIMC1U6UngP8XFcz8MQWGQdt1MTBQ7NaAmvXDfvNxbvWV3x2y6CdEUciCSsDHDQZbhYaB8QEo2g==}
    engines: {node: ^10 || ^12 || ^13.7 || ^14 || >=15.0.1}
    hasBin: true
    dev: true

  /picocolors/1.1.1:
    resolution: {integrity: sha512-xceH2snhtb5M9liqDsmEw56le376mTZkEX/jEb/RxNFyegNul7eNslCXP9FDj/Lcu0X8KEyMceP2ntpaHrDEVA==}
    dev: true

  /postcss/8.4.47:
    resolution: {integrity: sha512-56rxCq7G/XfB4EkXq9Egn5GCqugWvDFjafDOThIdMBsI15iqPqR5r15TfSr1YPYeEI19YeaXMCbY6u88Y76GLQ==}
    engines: {node: ^10 || ^12 || >=14}
    dependencies:
      nanoid: 3.3.7
      picocolors: 1.1.1
      source-map-js: 1.2.1
    dev: true

  /prismjs/1.29.0:
    resolution: {integrity: sha512-Kx/1w86q/epKcmte75LNrEoT+lX8pBpavuAbvJWRXar7Hz8jrtF+e3vY751p0R8H9HdArwaCTNDDzHg/ScJK1Q==}
    engines: {node: '>=6'}
    dev: false

  /react-dom/18.3.1_react@18.3.1:
    resolution: {integrity: sha512-5m4nQKp+rZRb09LNH59GM4BxTh9251/ylbKIbpe7TpGxfJ+9kv6BLkLBXIjjspbgbnIBNqlI23tRnTWT0snUIw==}
    peerDependencies:
      react: ^18.3.1
    dependencies:
      loose-envify: 1.4.0
      react: 18.3.1
      scheduler: 0.23.2
    dev: false

  /react-refresh/0.14.2:
    resolution: {integrity: sha512-jCvmsr+1IUSMUyzOkRcvnVbX3ZYC6g9TDrDbFuFmRDq7PD4yaGbLKNQL6k2jnArV8hjYxh7hVhAZB6s9HDGpZA==}
    engines: {node: '>=0.10.0'}
    dev: true

  /react/18.3.1:
    resolution: {integrity: sha512-wS+hAgJShR0KhEvPJArfuPVN1+Hz1t0Y6n5jLrGQbkb4urgPE/0Rve+1kMB1v/oWgHgm4WIcV+i7F2pTVj+2iQ==}
    engines: {node: '>=0.10.0'}
    dependencies:
      loose-envify: 1.4.0
    dev: false

  /scheduler/0.23.2:
    resolution: {integrity: sha512-UOShsPwz7NrMUqhR6t0hWjFduvOzbtv7toDH1/hIrfRNIDBnnBWd0CwJTGvTpngVlmwGCdP9/Zl/tVrDqcuYzQ==}
    dependencies:
      loose-envify: 1.4.0
    dev: false

  /source-map-js/1.2.1:
    resolution: {integrity: sha512-UXWMKhLOwVKb728IUtQPXxfYU+usdybtUrK/8uGE8CQMvrhOpwvzDBwj0QhSL7MQc7vIsISBG8VQ8+IDQxpfQA==}
    engines: {node: '>=0.10.0'}
    dev: true

  /tapable/2.2.1:
    resolution: {integrity: sha512-GNzQvQTOIP6RyTfE2Qxb8ZVlNmw0n88vp1szwWRimP02mnTsx3Wtn5qRdqY9w2XduFNUgvOwhNnQsjwCp+kqaQ==}
    engines: {node: '>=6'}
    dev: true

  /tslib/2.8.0:
    resolution: {integrity: sha512-jWVzBLplnCmoaTr13V9dYbiQ99wvZRd0vNWaDRg+aVYRcjDF3nDksxFDE/+fkXnKhpnUUkmx5pK/v8mCtLVqZA==}
    dev: true

  /typescript/5.6.3:
    resolution: {integrity: sha512-hjcS1mhfuyi4WW8IWtjP7brDrG2cuDZukyrYrSauoXGNgx0S7zceP07adYkJycEr56BOUTNPzbInooiN3fn1qw==}
    engines: {node: '>=14.17'}
    hasBin: true
    dev: true

  /webpack-sources/3.2.3:
    resolution: {integrity: sha512-/DyMEOrDgLKKIG0fmvtz+4dUX/3Ghozwgm6iPp8KRhvn+eQf9+Q7GWxVNMk3+uCPWfdXYC4ExGBckIXdFEfH1w==}
    engines: {node: '>=10.13.0'}
    dev: true
